
Microsoft Visual Studio Solution File, Format Version 12.00
# Visual Studio Version 16
VisualStudioVersion = 16.0.31205.134
MinimumVisualStudioVersion = 10.0.40219.1
Project("{FAE04EC0-301F-11D3-BF4B-00C04F79EFBC}") = "Datastructure", "Datastructure\Datastructure.csproj", "{93CD3C99-1834-4411-AF0D-88BF37CB2C98}"
EndProject
Global
	GlobalSection(SolutionConfigurationPlatforms) = preSolution
		Debug|Any CPU = Debug|Any CPU
		Release|Any CPU = Release|Any CPU
	EndGlobalSection
	GlobalSection(ProjectConfigurationPlatforms) = postSolution
		{93CD3C99-1834-4411-AF0D-88BF37CB2C98}.Debug|Any CPU.ActiveCfg = Debug|Any CPU
		{93CD3C99-1834-4411-AF0D-88BF37CB2C98}.Debug|Any CPU.Build.0 = Debug|Any CPU
		{93CD3C99-1834-4411-AF0D-88BF37CB2C98}.Release|Any CPU.ActiveCfg = Release|Any CPU
		{93CD3C99-1834-4411-AF0D-88BF37CB2C98}.Release|Any CPU.Build.0 = Release|Any CPU
	EndGlobalSection
	GlobalSection(SolutionProperties) = preSolution
		HideSolutionNode = FALSE
	EndGlobalSection
	GlobalSection(ExtensibilityGlobals) = postSolution
		SolutionGuid = {356774F0-B363-44A9-9050-A0DF78FF9711}
	EndGlobalSection
EndGlobal
